
Microsoft Visual Studio Solution File, Format Version 12.00
# Visual Studio 2013
VisualStudioVersion = 12.0.30723.0
MinimumVisualStudioVersion = 10.0.40219.1
Project("{FAE04EC0-301F-11D3-BF4B-00C04F79EFBC}") = "Vixen_Messaging", "Vixen_Messaging.csproj", "{10A18BFF-B6B1-449B-9B34-E2ADDDE1785E}"
EndProject
Project("{2150E333-8FDC-42A3-9474-1A3956D46DE8}") = "Common", "Common", "{5BA691E1-CC10-48A0-9E48-B6168CF78F24}"
EndProject
Project("{FAE04EC0-301F-11D3-BF4B-00C04F79EFBC}") = "Resources", "Common\Resources\Resources.csproj", "{F7A80169-6310-4585-9D58-A6F6F5C5B380}"
EndProject
Project("{2150E333-8FDC-42A3-9474-1A3956D46DE8}") = "Application", "Application", "{0FA6F75A-D9C7-471E-BE91-3FF97D8D6BC2}"
EndProject
Global
	GlobalSection(SolutionConfigurationPlatforms) = preSolution
		Debug|Any CPU = Debug|Any CPU
		Debug|Mixed Platforms = Debug|Mixed Platforms
		Debug|x64 = Debug|x64
		Debug|x86 = Debug|x86
		Release|Any CPU = Release|Any CPU
		Release|Mixed Platforms = Release|Mixed Platforms
		Release|x64 = Release|x64
		Release|x86 = Release|x86
	EndGlobalSection
	GlobalSection(ProjectConfigurationPlatforms) = postSolution
		{10A18BFF-B6B1-449B-9B34-E2ADDDE1785E}.Debug|Any CPU.ActiveCfg = Debug|Any CPU
		{10A18BFF-B6B1-449B-9B34-E2ADDDE1785E}.Debug|Any CPU.Build.0 = Debug|Any CPU
		{10A18BFF-B6B1-449B-9B34-E2ADDDE1785E}.Debug|Mixed Platforms.ActiveCfg = Debug|Any CPU
		{10A18BFF-B6B1-449B-9B34-E2ADDDE1785E}.Debug|Mixed Platforms.Build.0 = Debug|Any CPU
		{10A18BFF-B6B1-449B-9B34-E2ADDDE1785E}.Debug|x64.ActiveCfg = Debug|x64
		{10A18BFF-B6B1-449B-9B34-E2ADDDE1785E}.Debug|x64.Build.0 = Debug|x64
		{10A18BFF-B6B1-449B-9B34-E2ADDDE1785E}.Debug|x86.ActiveCfg = Debug|Any CPU
		{10A18BFF-B6B1-449B-9B34-E2ADDDE1785E}.Release|Any CPU.ActiveCfg = Release|Any CPU
		{10A18BFF-B6B1-449B-9B34-E2ADDDE1785E}.Release|Any CPU.Build.0 = Release|Any CPU
		{10A18BFF-B6B1-449B-9B34-E2ADDDE1785E}.Release|Mixed Platforms.ActiveCfg = Release|Any CPU
		{10A18BFF-B6B1-449B-9B34-E2ADDDE1785E}.Release|Mixed Platforms.Build.0 = Release|Any CPU
		{10A18BFF-B6B1-449B-9B34-E2ADDDE1785E}.Release|x64.ActiveCfg = Release|x64
		{10A18BFF-B6B1-449B-9B34-E2ADDDE1785E}.Release|x64.Build.0 = Release|x64
		{10A18BFF-B6B1-449B-9B34-E2ADDDE1785E}.Release|x86.ActiveCfg = Release|x86
		{10A18BFF-B6B1-449B-9B34-E2ADDDE1785E}.Release|x86.Build.0 = Release|x86
		{F7A80169-6310-4585-9D58-A6F6F5C5B380}.Debug|Any CPU.ActiveCfg = Release|x86
		{F7A80169-6310-4585-9D58-A6F6F5C5B380}.Debug|Mixed Platforms.ActiveCfg = Release|x86
		{F7A80169-6310-4585-9D58-A6F6F5C5B380}.Debug|Mixed Platforms.Build.0 = Release|x86
		{F7A80169-6310-4585-9D58-A6F6F5C5B380}.Debug|x64.ActiveCfg = Release|x64
		{F7A80169-6310-4585-9D58-A6F6F5C5B380}.Debug|x64.Build.0 = Release|x64
		{F7A80169-6310-4585-9D58-A6F6F5C5B380}.Debug|x86.ActiveCfg = Release|x86
		{F7A80169-6310-4585-9D58-A6F6F5C5B380}.Debug|x86.Build.0 = Release|x86
		{F7A80169-6310-4585-9D58-A6F6F5C5B380}.Release|Any CPU.ActiveCfg = Release|x86
		{F7A80169-6310-4585-9D58-A6F6F5C5B380}.Release|Mixed Platforms.ActiveCfg = Release|x86
		{F7A80169-6310-4585-9D58-A6F6F5C5B380}.Release|Mixed Platforms.Build.0 = Release|x86
		{F7A80169-6310-4585-9D58-A6F6F5C5B380}.Release|x64.ActiveCfg = Release|x64
		{F7A80169-6310-4585-9D58-A6F6F5C5B380}.Release|x64.Build.0 = Release|x64
		{F7A80169-6310-4585-9D58-A6F6F5C5B380}.Release|x86.ActiveCfg = Release|x86
		{F7A80169-6310-4585-9D58-A6F6F5C5B380}.Release|x86.Build.0 = Release|x86
	EndGlobalSection
	GlobalSection(SolutionProperties) = preSolution
		HideSolutionNode = FALSE
	EndGlobalSection
	GlobalSection(NestedProjects) = preSolution
		{10A18BFF-B6B1-449B-9B34-E2ADDDE1785E} = {0FA6F75A-D9C7-471E-BE91-3FF97D8D6BC2}
		{F7A80169-6310-4585-9D58-A6F6F5C5B380} = {5BA691E1-CC10-48A0-9E48-B6168CF78F24}
	EndGlobalSection
EndGlobal
